// !$*UTF8*$!
{
	archiveVersion = 1;
	classes = {
	};
	objectVersion = 51;
	objects = {

/* Begin PBXBuildFile section */
		441C7F7723CCD69700736DFB /* ExerciseDescription.swift in Sources */ = {isa = PBXBuildFile; fileRef = 441C7F7623CCD69700736DFB /* ExerciseDescription.swift */; };
		441C7F7923CCD76500736DFB /* Exercise.swift in Sources */ = {isa = PBXBuildFile; fileRef = 441C7F7823CCD76500736DFB /* Exercise.swift */; };
		441C7FBA23CF770800736DFB /* AddWorkoutViewController.swift in Sources */ = {isa = PBXBuildFile; fileRef = 441C7FB923CF770800736DFB /* AddWorkoutViewController.swift */; };
		441C7FBC23CFA72A00736DFB /* WorkoutManagedObject.swift in Sources */ = {isa = PBXBuildFile; fileRef = 441C7FBB23CFA72A00736DFB /* WorkoutManagedObject.swift */; };
		441C7FBE23CFB1F700736DFB /* GymLogCoreDataClient.swift in Sources */ = {isa = PBXBuildFile; fileRef = 441C7FBD23CFB1F700736DFB /* GymLogCoreDataClient.swift */; };
		441C7FC023CFBA6100736DFB /* GymLogError.swift in Sources */ = {isa = PBXBuildFile; fileRef = 441C7FBF23CFBA6100736DFB /* GymLogError.swift */; };
		442E256423C45F3500525DE9 /* exercises.json in Resources */ = {isa = PBXBuildFile; fileRef = 442E256323C45F3500525DE9 /* exercises.json */; };
		442E256723C4D0B800525DE9 /* GymLogNetworkClient.swift in Sources */ = {isa = PBXBuildFile; fileRef = 442E256623C4D0B800525DE9 /* GymLogNetworkClient.swift */; };
		442E256A23C4D1DA00525DE9 /* AsyncResult.swift in Sources */ = {isa = PBXBuildFile; fileRef = 442E256923C4D1DA00525DE9 /* AsyncResult.swift */; };
		442E256E23C4F13400525DE9 /* WorkoutSM.swift in Sources */ = {isa = PBXBuildFile; fileRef = 442E256D23C4F13400525DE9 /* WorkoutSM.swift */; };
		442E257023C4F20600525DE9 /* ExerciseSM.swift in Sources */ = {isa = PBXBuildFile; fileRef = 442E256F23C4F20600525DE9 /* ExerciseSM.swift */; };
		442E257323C4FA4300525DE9 /* ReadAllWorkoutsCommand.swift in Sources */ = {isa = PBXBuildFile; fileRef = 442E257223C4FA4300525DE9 /* ReadAllWorkoutsCommand.swift */; };
		444F54F723C51A85005E07C2 /* SPRingboard.framework in Frameworks */ = {isa = PBXBuildFile; fileRef = 444F54F623C51A85005E07C2 /* SPRingboard.framework */; };
		444F54F823C51A85005E07C2 /* SPRingboard.framework in Embed Frameworks */ = {isa = PBXBuildFile; fileRef = 444F54F623C51A85005E07C2 /* SPRingboard.framework */; settings = {ATTRIBUTES = (CodeSignOnCopy, RemoveHeadersOnCopy, ); }; };
		444F54FE23C5A3F1005E07C2 /* WorkoutDashboardTableViewCell.swift in Sources */ = {isa = PBXBuildFile; fileRef = 444F54FD23C5A3F1005E07C2 /* WorkoutDashboardTableViewCell.swift */; };
		444F550123C7AF00005E07C2 /* EmptyWorkoutView.swift in Sources */ = {isa = PBXBuildFile; fileRef = 444F550023C7AF00005E07C2 /* EmptyWorkoutView.swift */; };
		444F550423C7AF18005E07C2 /* EmptyWorkoutView.xib in Resources */ = {isa = PBXBuildFile; fileRef = 444F550323C7AF18005E07C2 /* EmptyWorkoutView.xib */; };
		444F550723C7B470005E07C2 /* WorkoutDataSource.swift in Sources */ = {isa = PBXBuildFile; fileRef = 444F550623C7B470005E07C2 /* WorkoutDataSource.swift */; };
		4467A03023F1A625005C1758 /* AddWarmUpViewController.swift in Sources */ = {isa = PBXBuildFile; fileRef = 4467A02F23F1A625005C1758 /* AddWarmUpViewController.swift */; };
		4467A03223F1A9FF005C1758 /* ExerciseTypeSelectionViewController.swift in Sources */ = {isa = PBXBuildFile; fileRef = 4467A03123F1A9FF005C1758 /* ExerciseTypeSelectionViewController.swift */; };
		4467A03423F1C251005C1758 /* AddExerciseIndividualView.swift in Sources */ = {isa = PBXBuildFile; fileRef = 4467A03323F1C251005C1758 /* AddExerciseIndividualView.swift */; };
		4467A03623F1C291005C1758 /* AddExerciseIndividualView.xib in Resources */ = {isa = PBXBuildFile; fileRef = 4467A03523F1C291005C1758 /* AddExerciseIndividualView.xib */; };
		4467A03923F1C9F1005C1758 /* AddExerciseViewHelper.swift in Sources */ = {isa = PBXBuildFile; fileRef = 4467A03823F1C9F1005C1758 /* AddExerciseViewHelper.swift */; };
		4467A03B23F1D009005C1758 /* SingleExerciseAddViewController.swift in Sources */ = {isa = PBXBuildFile; fileRef = 4467A03A23F1D009005C1758 /* SingleExerciseAddViewController.swift */; };
		4467A03D23F1E0F9005C1758 /* PostLiftAddViewController.swift in Sources */ = {isa = PBXBuildFile; fileRef = 4467A03C23F1E0F9005C1758 /* PostLiftAddViewController.swift */; };
		4467A04F23F1FCA4005C1758 /* SuperSetAddMasterViewController.swift in Sources */ = {isa = PBXBuildFile; fileRef = 4467A04E23F1FCA4005C1758 /* SuperSetAddMasterViewController.swift */; };
		4467A05123F1FE1A005C1758 /* SuperSetAddDetailViewController.swift in Sources */ = {isa = PBXBuildFile; fileRef = 4467A05023F1FE1A005C1758 /* SuperSetAddDetailViewController.swift */; };
		44856CCB23D0DCAB00009A5D /* ReadTodaysWorkoutsCommand.swift in Sources */ = {isa = PBXBuildFile; fileRef = 44856CCA23D0DCAB00009A5D /* ReadTodaysWorkoutsCommand.swift */; };
		44856CCE23D0E54400009A5D /* CreateObjectDataSourceHelper.swift in Sources */ = {isa = PBXBuildFile; fileRef = 44856CCD23D0E54400009A5D /* CreateObjectDataSourceHelper.swift */; };
		4489522323D8C20C00C0EBBE /* SimpleExerciseTableViewCell.swift in Sources */ = {isa = PBXBuildFile; fileRef = 4489522223D8C20C00C0EBBE /* SimpleExerciseTableViewCell.swift */; };
		4489522523D8C28D00C0EBBE /* PreviousWorkoutsTableViewController.swift in Sources */ = {isa = PBXBuildFile; fileRef = 4489522423D8C28D00C0EBBE /* PreviousWorkoutsTableViewController.swift */; };
		4489522723D8C33400C0EBBE /* ReadPreviousWorkoutsCommand.swift in Sources */ = {isa = PBXBuildFile; fileRef = 4489522623D8C33400C0EBBE /* ReadPreviousWorkoutsCommand.swift */; };
		448A135C23D5FB41006DA85B /* ExerciseView.swift in Sources */ = {isa = PBXBuildFile; fileRef = 448A135B23D5FB41006DA85B /* ExerciseView.swift */; };
		448A135E23D5FB6C006DA85B /* ExerciseView.xib in Resources */ = {isa = PBXBuildFile; fileRef = 448A135D23D5FB6C006DA85B /* ExerciseView.xib */; };
		448A136023D6414C006DA85B /* UpdateExerciseCommand.swift in Sources */ = {isa = PBXBuildFile; fileRef = 448A135F23D6414C006DA85B /* UpdateExerciseCommand.swift */; };
		4493CFDA23CAEF1C00D9D578 /* Model.xcdatamodeld in Sources */ = {isa = PBXBuildFile; fileRef = 4493CFD823CAEF1C00D9D578 /* Model.xcdatamodeld */; };
		44BA8C4623DF40E1005C1314 /* AddWorkoutHeaderViewController.swift in Sources */ = {isa = PBXBuildFile; fileRef = 44BA8C4523DF40E1005C1314 /* AddWorkoutHeaderViewController.swift */; };
		44C3254C23C3A7A70086B96C /* AppDelegate.swift in Sources */ = {isa = PBXBuildFile; fileRef = 44C3254B23C3A7A70086B96C /* AppDelegate.swift */; };
		44C3254E23C3A7A70086B96C /* SceneDelegate.swift in Sources */ = {isa = PBXBuildFile; fileRef = 44C3254D23C3A7A70086B96C /* SceneDelegate.swift */; };
		44C3255023C3A7A70086B96C /* WorkoutDashboardTableViewController.swift in Sources */ = {isa = PBXBuildFile; fileRef = 44C3254F23C3A7A70086B96C /* WorkoutDashboardTableViewController.swift */; };
		44C3255323C3A7A70086B96C /* Main.storyboard in Resources */ = {isa = PBXBuildFile; fileRef = 44C3255123C3A7A70086B96C /* Main.storyboard */; };
		44C3255523C3A7A80086B96C /* Assets.xcassets in Resources */ = {isa = PBXBuildFile; fileRef = 44C3255423C3A7A80086B96C /* Assets.xcassets */; };
		44C3255823C3A7A80086B96C /* LaunchScreen.storyboard in Resources */ = {isa = PBXBuildFile; fileRef = 44C3255623C3A7A80086B96C /* LaunchScreen.storyboard */; };
		44C3256323C3A7A90086B96C /* gym_logTests.swift in Sources */ = {isa = PBXBuildFile; fileRef = 44C3256223C3A7A90086B96C /* gym_logTests.swift */; };
		44C3256E23C3A7A90086B96C /* gym_logUITests.swift in Sources */ = {isa = PBXBuildFile; fileRef = 44C3256D23C3A7A90086B96C /* gym_logUITests.swift */; };
		44E6389623D9FB99005BB248 /* ReadWorkoutDetailsCommand.swift in Sources */ = {isa = PBXBuildFile; fileRef = 44E6389523D9FB99005BB248 /* ReadWorkoutDetailsCommand.swift */; };
		44E6389823D9FE56005BB248 /* WorkoutDetailsTableViewController.swift in Sources */ = {isa = PBXBuildFile; fileRef = 44E6389723D9FE56005BB248 /* WorkoutDetailsTableViewController.swift */; };
		44E6389A23DA0023005BB248 /* WorkoutDetailsTableViewCell.swift in Sources */ = {isa = PBXBuildFile; fileRef = 44E6389923DA0023005BB248 /* WorkoutDetailsTableViewCell.swift */; };
		44E6389C23DA0F17005BB248 /* WorkoutDetailsDataSource.swift in Sources */ = {isa = PBXBuildFile; fileRef = 44E6389B23DA0F17005BB248 /* WorkoutDetailsDataSource.swift */; };
		5389ED8030168220E8C4E466 /* Pods_gym_log_gym_logUITests.framework in Frameworks */ = {isa = PBXBuildFile; fileRef = 783148ACDE36364321668DF0 /* Pods_gym_log_gym_logUITests.framework */; };
		CB6361BEEEC4AE76BB016A5E /* Pods_gym_log.framework in Frameworks */ = {isa = PBXBuildFile; fileRef = 32D54596619CE65B276E64A6 /* Pods_gym_log.framework */; };
		DEA1950031E2B41A7DCB8EB9 /* Pods_gym_logTests.framework in Frameworks */ = {isa = PBXBuildFile; fileRef = 373B1014F1B70CD994683D92 /* Pods_gym_logTests.framework */; };
/* End PBXBuildFile section */

/* Begin PBXContainerItemProxy section */
		44C3255F23C3A7A90086B96C /* PBXContainerItemProxy */ = {
			isa = PBXContainerItemProxy;
			containerPortal = 44C3254023C3A7A70086B96C /* Project object */;
			proxyType = 1;
			remoteGlobalIDString = 44C3254723C3A7A70086B96C;
			remoteInfo = "gym-log";
		};
		44C3256A23C3A7A90086B96C /* PBXContainerItemProxy */ = {
			isa = PBXContainerItemProxy;
			containerPortal = 44C3254023C3A7A70086B96C /* Project object */;
			proxyType = 1;
			remoteGlobalIDString = 44C3254723C3A7A70086B96C;
			remoteInfo = "gym-log";
		};
/* End PBXContainerItemProxy section */

/* Begin PBXCopyFilesBuildPhase section */
		444F54F923C51A85005E07C2 /* Embed Frameworks */ = {
			isa = PBXCopyFilesBuildPhase;
			buildActionMask = 2147483647;
			dstPath = "";
			dstSubfolderSpec = 10;
			files = (
				444F54F823C51A85005E07C2 /* SPRingboard.framework in Embed Frameworks */,
			);
			name = "Embed Frameworks";
			runOnlyForDeploymentPostprocessing = 0;
		};
/* End PBXCopyFilesBuildPhase section */

/* Begin PBXFileReference section */
		0546DA6084B06DF5E14928B2 /* Pods-gym-log.debug.xcconfig */ = {isa = PBXFileReference; includeInIndex = 1; lastKnownFileType = text.xcconfig; name = "Pods-gym-log.debug.xcconfig"; path = "Target Support Files/Pods-gym-log/Pods-gym-log.debug.xcconfig"; sourceTree = "<group>"; };
		0C1C9297088C9FC2BDBC68B6 /* Pods-gym-log-gym-logUITests.debug.xcconfig */ = {isa = PBXFileReference; includeInIndex = 1; lastKnownFileType = text.xcconfig; name = "Pods-gym-log-gym-logUITests.debug.xcconfig"; path = "Target Support Files/Pods-gym-log-gym-logUITests/Pods-gym-log-gym-logUITests.debug.xcconfig"; sourceTree = "<group>"; };
		3277D26A2B7AE1849262C7A6 /* Pods-gym-logTests.release.xcconfig */ = {isa = PBXFileReference; includeInIndex = 1; lastKnownFileType = text.xcconfig; name = "Pods-gym-logTests.release.xcconfig"; path = "Target Support Files/Pods-gym-logTests/Pods-gym-logTests.release.xcconfig"; sourceTree = "<group>"; };
		32D54596619CE65B276E64A6 /* Pods_gym_log.framework */ = {isa = PBXFileReference; explicitFileType = wrapper.framework; includeInIndex = 0; path = Pods_gym_log.framework; sourceTree = BUILT_PRODUCTS_DIR; };
		373B1014F1B70CD994683D92 /* Pods_gym_logTests.framework */ = {isa = PBXFileReference; explicitFileType = wrapper.framework; includeInIndex = 0; path = Pods_gym_logTests.framework; sourceTree = BUILT_PRODUCTS_DIR; };
		441C7F7623CCD69700736DFB /* ExerciseDescription.swift */ = {isa = PBXFileReference; lastKnownFileType = sourcecode.swift; path = ExerciseDescription.swift; sourceTree = "<group>"; };
		441C7F7823CCD76500736DFB /* Exercise.swift */ = {isa = PBXFileReference; lastKnownFileType = sourcecode.swift; path = Exercise.swift; sourceTree = "<group>"; };
		441C7FB923CF770800736DFB /* AddWorkoutViewController.swift */ = {isa = PBXFileReference; lastKnownFileType = sourcecode.swift; path = AddWorkoutViewController.swift; sourceTree = "<group>"; };
		441C7FBB23CFA72A00736DFB /* WorkoutManagedObject.swift */ = {isa = PBXFileReference; lastKnownFileType = sourcecode.swift; path = WorkoutManagedObject.swift; sourceTree = "<group>"; };
		441C7FBD23CFB1F700736DFB /* GymLogCoreDataClient.swift */ = {isa = PBXFileReference; lastKnownFileType = sourcecode.swift; path = GymLogCoreDataClient.swift; sourceTree = "<group>"; };
		441C7FBF23CFBA6100736DFB /* GymLogError.swift */ = {isa = PBXFileReference; lastKnownFileType = sourcecode.swift; path = GymLogError.swift; sourceTree = "<group>"; };
		442E256323C45F3500525DE9 /* exercises.json */ = {isa = PBXFileReference; lastKnownFileType = text.json; path = exercises.json; sourceTree = "<group>"; };
		442E256623C4D0B800525DE9 /* GymLogNetworkClient.swift */ = {isa = PBXFileReference; lastKnownFileType = sourcecode.swift; path = GymLogNetworkClient.swift; sourceTree = "<group>"; };
		442E256923C4D1DA00525DE9 /* AsyncResult.swift */ = {isa = PBXFileReference; lastKnownFileType = sourcecode.swift; path = AsyncResult.swift; sourceTree = "<group>"; };
		442E256D23C4F13400525DE9 /* WorkoutSM.swift */ = {isa = PBXFileReference; lastKnownFileType = sourcecode.swift; path = WorkoutSM.swift; sourceTree = "<group>"; };
		442E256F23C4F20600525DE9 /* ExerciseSM.swift */ = {isa = PBXFileReference; lastKnownFileType = sourcecode.swift; path = ExerciseSM.swift; sourceTree = "<group>"; };
		442E257223C4FA4300525DE9 /* ReadAllWorkoutsCommand.swift */ = {isa = PBXFileReference; lastKnownFileType = sourcecode.swift; path = ReadAllWorkoutsCommand.swift; sourceTree = "<group>"; };
		444F54F623C51A85005E07C2 /* SPRingboard.framework */ = {isa = PBXFileReference; explicitFileType = wrapper.framework; path = SPRingboard.framework; sourceTree = BUILT_PRODUCTS_DIR; };
		444F54FD23C5A3F1005E07C2 /* WorkoutDashboardTableViewCell.swift */ = {isa = PBXFileReference; lastKnownFileType = sourcecode.swift; path = WorkoutDashboardTableViewCell.swift; sourceTree = "<group>"; };
		444F550023C7AF00005E07C2 /* EmptyWorkoutView.swift */ = {isa = PBXFileReference; lastKnownFileType = sourcecode.swift; path = EmptyWorkoutView.swift; sourceTree = "<group>"; };
		444F550323C7AF18005E07C2 /* EmptyWorkoutView.xib */ = {isa = PBXFileReference; lastKnownFileType = file.xib; path = EmptyWorkoutView.xib; sourceTree = "<group>"; };
		444F550623C7B470005E07C2 /* WorkoutDataSource.swift */ = {isa = PBXFileReference; lastKnownFileType = sourcecode.swift; path = WorkoutDataSource.swift; sourceTree = "<group>"; };
		4467A02F23F1A625005C1758 /* AddWarmUpViewController.swift */ = {isa = PBXFileReference; lastKnownFileType = sourcecode.swift; path = AddWarmUpViewController.swift; sourceTree = "<group>"; };
		4467A03123F1A9FF005C1758 /* ExerciseTypeSelectionViewController.swift */ = {isa = PBXFileReference; lastKnownFileType = sourcecode.swift; path = ExerciseTypeSelectionViewController.swift; sourceTree = "<group>"; };
		4467A03323F1C251005C1758 /* AddExerciseIndividualView.swift */ = {isa = PBXFileReference; lastKnownFileType = sourcecode.swift; path = AddExerciseIndividualView.swift; sourceTree = "<group>"; };
		4467A03523F1C291005C1758 /* AddExerciseIndividualView.xib */ = {isa = PBXFileReference; lastKnownFileType = file.xib; path = AddExerciseIndividualView.xib; sourceTree = "<group>"; };
		4467A03823F1C9F1005C1758 /* AddExerciseViewHelper.swift */ = {isa = PBXFileReference; lastKnownFileType = sourcecode.swift; path = AddExerciseViewHelper.swift; sourceTree = "<group>"; };
		4467A03A23F1D009005C1758 /* SingleExerciseAddViewController.swift */ = {isa = PBXFileReference; lastKnownFileType = sourcecode.swift; path = SingleExerciseAddViewController.swift; sourceTree = "<group>"; };
		4467A03C23F1E0F9005C1758 /* PostLiftAddViewController.swift */ = {isa = PBXFileReference; lastKnownFileType = sourcecode.swift; path = PostLiftAddViewController.swift; sourceTree = "<group>"; };
		4467A03E23F1F45B005C1758 /* M13Checkbox.framework */ = {isa = PBXFileReference; explicitFileType = wrapper.framework; path = M13Checkbox.framework; sourceTree = BUILT_PRODUCTS_DIR; };
		4467A04323F1F4FB005C1758 /* M13Checkbox.framework */ = {isa = PBXFileReference; explicitFileType = wrapper.framework; path = M13Checkbox.framework; sourceTree = BUILT_PRODUCTS_DIR; };
		4467A04623F1F56F005C1758 /* M13Checkbox.framework */ = {isa = PBXFileReference; explicitFileType = wrapper.framework; path = M13Checkbox.framework; sourceTree = BUILT_PRODUCTS_DIR; };
		4467A04E23F1FCA4005C1758 /* SuperSetAddMasterViewController.swift */ = {isa = PBXFileReference; lastKnownFileType = sourcecode.swift; path = SuperSetAddMasterViewController.swift; sourceTree = "<group>"; };
		4467A05023F1FE1A005C1758 /* SuperSetAddDetailViewController.swift */ = {isa = PBXFileReference; lastKnownFileType = sourcecode.swift; path = SuperSetAddDetailViewController.swift; sourceTree = "<group>"; };
		44856CCA23D0DCAB00009A5D /* ReadTodaysWorkoutsCommand.swift */ = {isa = PBXFileReference; lastKnownFileType = sourcecode.swift; path = ReadTodaysWorkoutsCommand.swift; sourceTree = "<group>"; };
		44856CCD23D0E54400009A5D /* CreateObjectDataSourceHelper.swift */ = {isa = PBXFileReference; lastKnownFileType = sourcecode.swift; path = CreateObjectDataSourceHelper.swift; sourceTree = "<group>"; };
		4489522223D8C20C00C0EBBE /* SimpleExerciseTableViewCell.swift */ = {isa = PBXFileReference; lastKnownFileType = sourcecode.swift; path = SimpleExerciseTableViewCell.swift; sourceTree = "<group>"; };
		4489522423D8C28D00C0EBBE /* PreviousWorkoutsTableViewController.swift */ = {isa = PBXFileReference; lastKnownFileType = sourcecode.swift; path = PreviousWorkoutsTableViewController.swift; sourceTree = "<group>"; };
		4489522623D8C33400C0EBBE /* ReadPreviousWorkoutsCommand.swift */ = {isa = PBXFileReference; lastKnownFileType = sourcecode.swift; path = ReadPreviousWorkoutsCommand.swift; sourceTree = "<group>"; };
		448A135B23D5FB41006DA85B /* ExerciseView.swift */ = {isa = PBXFileReference; lastKnownFileType = sourcecode.swift; path = ExerciseView.swift; sourceTree = "<group>"; };
		448A135D23D5FB6C006DA85B /* ExerciseView.xib */ = {isa = PBXFileReference; lastKnownFileType = file.xib; path = ExerciseView.xib; sourceTree = "<group>"; };
		448A135F23D6414C006DA85B /* UpdateExerciseCommand.swift */ = {isa = PBXFileReference; lastKnownFileType = sourcecode.swift; path = UpdateExerciseCommand.swift; sourceTree = "<group>"; };
		4493CFD923CAEF1C00D9D578 /* Model.xcdatamodel */ = {isa = PBXFileReference; lastKnownFileType = wrapper.xcdatamodel; path = Model.xcdatamodel; sourceTree = "<group>"; };
		44BA8C4523DF40E1005C1314 /* AddWorkoutHeaderViewController.swift */ = {isa = PBXFileReference; lastKnownFileType = sourcecode.swift; path = AddWorkoutHeaderViewController.swift; sourceTree = "<group>"; };
		44C3254823C3A7A70086B96C /* gym-log.app */ = {isa = PBXFileReference; explicitFileType = wrapper.application; includeInIndex = 0; path = "gym-log.app"; sourceTree = BUILT_PRODUCTS_DIR; };
		44C3254B23C3A7A70086B96C /* AppDelegate.swift */ = {isa = PBXFileReference; lastKnownFileType = sourcecode.swift; path = AppDelegate.swift; sourceTree = "<group>"; };
		44C3254D23C3A7A70086B96C /* SceneDelegate.swift */ = {isa = PBXFileReference; lastKnownFileType = sourcecode.swift; path = SceneDelegate.swift; sourceTree = "<group>"; };
		44C3254F23C3A7A70086B96C /* WorkoutDashboardTableViewController.swift */ = {isa = PBXFileReference; lastKnownFileType = sourcecode.swift; path = WorkoutDashboardTableViewController.swift; sourceTree = "<group>"; };
		44C3255223C3A7A70086B96C /* Base */ = {isa = PBXFileReference; lastKnownFileType = file.storyboard; name = Base; path = Base.lproj/Main.storyboard; sourceTree = "<group>"; };
		44C3255423C3A7A80086B96C /* Assets.xcassets */ = {isa = PBXFileReference; lastKnownFileType = folder.assetcatalog; path = Assets.xcassets; sourceTree = "<group>"; };
		44C3255723C3A7A80086B96C /* Base */ = {isa = PBXFileReference; lastKnownFileType = file.storyboard; name = Base; path = Base.lproj/LaunchScreen.storyboard; sourceTree = "<group>"; };
		44C3255923C3A7A80086B96C /* Info.plist */ = {isa = PBXFileReference; lastKnownFileType = text.plist.xml; path = Info.plist; sourceTree = "<group>"; };
		44C3255E23C3A7A90086B96C /* gym-logTests.xctest */ = {isa = PBXFileReference; explicitFileType = wrapper.cfbundle; includeInIndex = 0; path = "gym-logTests.xctest"; sourceTree = BUILT_PRODUCTS_DIR; };
		44C3256223C3A7A90086B96C /* gym_logTests.swift */ = {isa = PBXFileReference; lastKnownFileType = sourcecode.swift; path = gym_logTests.swift; sourceTree = "<group>"; };
		44C3256423C3A7A90086B96C /* Info.plist */ = {isa = PBXFileReference; lastKnownFileType = text.plist.xml; path = Info.plist; sourceTree = "<group>"; };
		44C3256923C3A7A90086B96C /* gym-logUITests.xctest */ = {isa = PBXFileReference; explicitFileType = wrapper.cfbundle; includeInIndex = 0; path = "gym-logUITests.xctest"; sourceTree = BUILT_PRODUCTS_DIR; };
		44C3256D23C3A7A90086B96C /* gym_logUITests.swift */ = {isa = PBXFileReference; lastKnownFileType = sourcecode.swift; path = gym_logUITests.swift; sourceTree = "<group>"; };
		44C3256F23C3A7A90086B96C /* Info.plist */ = {isa = PBXFileReference; lastKnownFileType = text.plist.xml; path = Info.plist; sourceTree = "<group>"; };
		44E6389523D9FB99005BB248 /* ReadWorkoutDetailsCommand.swift */ = {isa = PBXFileReference; lastKnownFileType = sourcecode.swift; path = ReadWorkoutDetailsCommand.swift; sourceTree = "<group>"; };
		44E6389723D9FE56005BB248 /* WorkoutDetailsTableViewController.swift */ = {isa = PBXFileReference; lastKnownFileType = sourcecode.swift; path = WorkoutDetailsTableViewController.swift; sourceTree = "<group>"; };
		44E6389923DA0023005BB248 /* WorkoutDetailsTableViewCell.swift */ = {isa = PBXFileReference; lastKnownFileType = sourcecode.swift; path = WorkoutDetailsTableViewCell.swift; sourceTree = "<group>"; };
		44E6389B23DA0F17005BB248 /* WorkoutDetailsDataSource.swift */ = {isa = PBXFileReference; lastKnownFileType = sourcecode.swift; path = WorkoutDetailsDataSource.swift; sourceTree = "<group>"; };
		49FFB1F5F2241DBA70E68C09 /* Pods-gym-logTests.debug.xcconfig */ = {isa = PBXFileReference; includeInIndex = 1; lastKnownFileType = text.xcconfig; name = "Pods-gym-logTests.debug.xcconfig"; path = "Target Support Files/Pods-gym-logTests/Pods-gym-logTests.debug.xcconfig"; sourceTree = "<group>"; };
		53CDC98EED6B8CE4E03039D6 /* Pods-gym-log-gym-logUITests.release.xcconfig */ = {isa = PBXFileReference; includeInIndex = 1; lastKnownFileType = text.xcconfig; name = "Pods-gym-log-gym-logUITests.release.xcconfig"; path = "Target Support Files/Pods-gym-log-gym-logUITests/Pods-gym-log-gym-logUITests.release.xcconfig"; sourceTree = "<group>"; };
		783148ACDE36364321668DF0 /* Pods_gym_log_gym_logUITests.framework */ = {isa = PBXFileReference; explicitFileType = wrapper.framework; includeInIndex = 0; path = Pods_gym_log_gym_logUITests.framework; sourceTree = BUILT_PRODUCTS_DIR; };
		B5C40A97629905DD6BC20072 /* Pods-gym-log.release.xcconfig */ = {isa = PBXFileReference; includeInIndex = 1; lastKnownFileType = text.xcconfig; name = "Pods-gym-log.release.xcconfig"; path = "Target Support Files/Pods-gym-log/Pods-gym-log.release.xcconfig"; sourceTree = "<group>"; };
/* End PBXFileReference section */

/* Begin PBXFrameworksBuildPhase section */
		44C3254523C3A7A70086B96C /* Frameworks */ = {
			isa = PBXFrameworksBuildPhase;
			buildActionMask = 2147483647;
			files = (
				444F54F723C51A85005E07C2 /* SPRingboard.framework in Frameworks */,
				CB6361BEEEC4AE76BB016A5E /* Pods_gym_log.framework in Frameworks */,
			);
			runOnlyForDeploymentPostprocessing = 0;
		};
		44C3255B23C3A7A90086B96C /* Frameworks */ = {
			isa = PBXFrameworksBuildPhase;
			buildActionMask = 2147483647;
			files = (
				DEA1950031E2B41A7DCB8EB9 /* Pods_gym_logTests.framework in Frameworks */,
			);
			runOnlyForDeploymentPostprocessing = 0;
		};
		44C3256623C3A7A90086B96C /* Frameworks */ = {
			isa = PBXFrameworksBuildPhase;
			buildActionMask = 2147483647;
			files = (
				5389ED8030168220E8C4E466 /* Pods_gym_log_gym_logUITests.framework in Frameworks */,
			);
			runOnlyForDeploymentPostprocessing = 0;
		};
/* End PBXFrameworksBuildPhase section */

/* Begin PBXGroup section */
		1C9A09988DFC248AC87BFCD7 /* Frameworks */ = {
			isa = PBXGroup;
			children = (
				4467A04623F1F56F005C1758 /* M13Checkbox.framework */,
				4467A04323F1F4FB005C1758 /* M13Checkbox.framework */,
				4467A03E23F1F45B005C1758 /* M13Checkbox.framework */,
				444F54F623C51A85005E07C2 /* SPRingboard.framework */,
				32D54596619CE65B276E64A6 /* Pods_gym_log.framework */,
				783148ACDE36364321668DF0 /* Pods_gym_log_gym_logUITests.framework */,
				373B1014F1B70CD994683D92 /* Pods_gym_logTests.framework */,
			);
			name = Frameworks;
			sourceTree = "<group>";
		};
		442E255D23C3D3F900525DE9 /* DomainTier */ = {
			isa = PBXGroup;
			children = (
				4493CFD823CAEF1C00D9D578 /* Model.xcdatamodeld */,
				442E256523C4D09B00525DE9 /* Clients */,
				442E256223C45F0A00525DE9 /* SampleJSON */,
				442E255E23C3D40600525DE9 /* Models */,
			);
			path = DomainTier;
			sourceTree = "<group>";
		};
		442E255E23C3D40600525DE9 /* Models */ = {
			isa = PBXGroup;
			children = (
				441C7F7623CCD69700736DFB /* ExerciseDescription.swift */,
				441C7F7823CCD76500736DFB /* Exercise.swift */,
				441C7FBB23CFA72A00736DFB /* WorkoutManagedObject.swift */,
				441C7FBF23CFBA6100736DFB /* GymLogError.swift */,
			);
			path = Models;
			sourceTree = "<group>";
		};
		442E256223C45F0A00525DE9 /* SampleJSON */ = {
			isa = PBXGroup;
			children = (
				442E256323C45F3500525DE9 /* exercises.json */,
			);
			path = SampleJSON;
			sourceTree = "<group>";
		};
		442E256523C4D09B00525DE9 /* Clients */ = {
			isa = PBXGroup;
			children = (
				442E256623C4D0B800525DE9 /* GymLogNetworkClient.swift */,
				441C7FBD23CFB1F700736DFB /* GymLogCoreDataClient.swift */,
			);
			path = Clients;
			sourceTree = "<group>";
		};
		442E256823C4D1C500525DE9 /* Common */ = {
			isa = PBXGroup;
			children = (
				442E256923C4D1DA00525DE9 /* AsyncResult.swift */,
			);
			path = Common;
			sourceTree = "<group>";
		};
		442E256B23C4EF8C00525DE9 /* MiddleTier */ = {
			isa = PBXGroup;
			children = (
				44856CCC23D0E52F00009A5D /* Common */,
				444F550523C7B458005E07C2 /* DataSources */,
				442E257123C4FA1B00525DE9 /* Commands */,
				442E256C23C4EF9600525DE9 /* Models */,
			);
			path = MiddleTier;
			sourceTree = "<group>";
		};
		442E256C23C4EF9600525DE9 /* Models */ = {
			isa = PBXGroup;
			children = (
				442E256D23C4F13400525DE9 /* WorkoutSM.swift */,
				442E256F23C4F20600525DE9 /* ExerciseSM.swift */,
			);
			path = Models;
			sourceTree = "<group>";
		};
		442E257123C4FA1B00525DE9 /* Commands */ = {
			isa = PBXGroup;
			children = (
				442E257223C4FA4300525DE9 /* ReadAllWorkoutsCommand.swift */,
				44856CCA23D0DCAB00009A5D /* ReadTodaysWorkoutsCommand.swift */,
				448A135F23D6414C006DA85B /* UpdateExerciseCommand.swift */,
				4489522623D8C33400C0EBBE /* ReadPreviousWorkoutsCommand.swift */,
				44E6389523D9FB99005BB248 /* ReadWorkoutDetailsCommand.swift */,
			);
			path = Commands;
			sourceTree = "<group>";
		};
		444F54FB23C5A3AB005E07C2 /* ViewTier */ = {
			isa = PBXGroup;
			children = (
				4467A03723F1C9DA005C1758 /* Helpers */,
				444F550223C7AF08005E07C2 /* Xibs */,
				444F54FF23C7AE74005E07C2 /* UIViewControllers */,
				444F54FC23C5A3C9005E07C2 /* UIViews */,
			);
			path = ViewTier;
			sourceTree = "<group>";
		};
		444F54FC23C5A3C9005E07C2 /* UIViews */ = {
			isa = PBXGroup;
			children = (
				444F54FD23C5A3F1005E07C2 /* WorkoutDashboardTableViewCell.swift */,
				444F550023C7AF00005E07C2 /* EmptyWorkoutView.swift */,
				448A135B23D5FB41006DA85B /* ExerciseView.swift */,
				4489522223D8C20C00C0EBBE /* SimpleExerciseTableViewCell.swift */,
				44E6389923DA0023005BB248 /* WorkoutDetailsTableViewCell.swift */,
				4467A03323F1C251005C1758 /* AddExerciseIndividualView.swift */,
			);
			path = UIViews;
			sourceTree = "<group>";
		};
		444F54FF23C7AE74005E07C2 /* UIViewControllers */ = {
			isa = PBXGroup;
			children = (
				44C3254F23C3A7A70086B96C /* WorkoutDashboardTableViewController.swift */,
				441C7FB923CF770800736DFB /* AddWorkoutViewController.swift */,
				4489522423D8C28D00C0EBBE /* PreviousWorkoutsTableViewController.swift */,
				44E6389723D9FE56005BB248 /* WorkoutDetailsTableViewController.swift */,
				44BA8C4523DF40E1005C1314 /* AddWorkoutHeaderViewController.swift */,
				4467A02F23F1A625005C1758 /* AddWarmUpViewController.swift */,
				4467A03123F1A9FF005C1758 /* ExerciseTypeSelectionViewController.swift */,
				4467A03A23F1D009005C1758 /* SingleExerciseAddViewController.swift */,
				4467A03C23F1E0F9005C1758 /* PostLiftAddViewController.swift */,
				4467A04E23F1FCA4005C1758 /* SuperSetAddMasterViewController.swift */,
				4467A05023F1FE1A005C1758 /* SuperSetAddDetailViewController.swift */,
			);
			path = UIViewControllers;
			sourceTree = "<group>";
		};
		444F550223C7AF08005E07C2 /* Xibs */ = {
			isa = PBXGroup;
			children = (
				444F550323C7AF18005E07C2 /* EmptyWorkoutView.xib */,
				448A135D23D5FB6C006DA85B /* ExerciseView.xib */,
				4467A03523F1C291005C1758 /* AddExerciseIndividualView.xib */,
			);
			path = Xibs;
			sourceTree = "<group>";
		};
		444F550523C7B458005E07C2 /* DataSources */ = {
			isa = PBXGroup;
			children = (
				444F550623C7B470005E07C2 /* WorkoutDataSource.swift */,
				44E6389B23DA0F17005BB248 /* WorkoutDetailsDataSource.swift */,
			);
			path = DataSources;
			sourceTree = "<group>";
		};
		4467A03723F1C9DA005C1758 /* Helpers */ = {
			isa = PBXGroup;
			children = (
				4467A03823F1C9F1005C1758 /* AddExerciseViewHelper.swift */,
			);
			path = Helpers;
			sourceTree = "<group>";
		};
		44856CCC23D0E52F00009A5D /* Common */ = {
			isa = PBXGroup;
			children = (
				44856CCD23D0E54400009A5D /* CreateObjectDataSourceHelper.swift */,
			);
			path = Common;
			sourceTree = "<group>";
		};
		44C3253F23C3A7A70086B96C = {
			isa = PBXGroup;
			children = (
				44C3254A23C3A7A70086B96C /* gym-log */,
				44C3256123C3A7A90086B96C /* gym-logTests */,
				44C3256C23C3A7A90086B96C /* gym-logUITests */,
				44C3254923C3A7A70086B96C /* Products */,
				7F6F6661648C6A042CA9C40A /* Pods */,
				1C9A09988DFC248AC87BFCD7 /* Frameworks */,
			);
			sourceTree = "<group>";
		};
		44C3254923C3A7A70086B96C /* Products */ = {
			isa = PBXGroup;
			children = (
				44C3254823C3A7A70086B96C /* gym-log.app */,
				44C3255E23C3A7A90086B96C /* gym-logTests.xctest */,
				44C3256923C3A7A90086B96C /* gym-logUITests.xctest */,
			);
			name = Products;
			sourceTree = "<group>";
		};
		44C3254A23C3A7A70086B96C /* gym-log */ = {
			isa = PBXGroup;
			children = (
				444F54FB23C5A3AB005E07C2 /* ViewTier */,
				442E256B23C4EF8C00525DE9 /* MiddleTier */,
				442E256823C4D1C500525DE9 /* Common */,
				442E255D23C3D3F900525DE9 /* DomainTier */,
				44C3254B23C3A7A70086B96C /* AppDelegate.swift */,
				44C3254D23C3A7A70086B96C /* SceneDelegate.swift */,
				44C3255123C3A7A70086B96C /* Main.storyboard */,
				44C3255423C3A7A80086B96C /* Assets.xcassets */,
				44C3255623C3A7A80086B96C /* LaunchScreen.storyboard */,
				44C3255923C3A7A80086B96C /* Info.plist */,
			);
			path = "gym-log";
			sourceTree = "<group>";
		};
		44C3256123C3A7A90086B96C /* gym-logTests */ = {
			isa = PBXGroup;
			children = (
				44C3256223C3A7A90086B96C /* gym_logTests.swift */,
				44C3256423C3A7A90086B96C /* Info.plist */,
			);
			path = "gym-logTests";
			sourceTree = "<group>";
		};
		44C3256C23C3A7A90086B96C /* gym-logUITests */ = {
			isa = PBXGroup;
			children = (
				44C3256D23C3A7A90086B96C /* gym_logUITests.swift */,
				44C3256F23C3A7A90086B96C /* Info.plist */,
			);
			path = "gym-logUITests";
			sourceTree = "<group>";
		};
		7F6F6661648C6A042CA9C40A /* Pods */ = {
			isa = PBXGroup;
			children = (
				0546DA6084B06DF5E14928B2 /* Pods-gym-log.debug.xcconfig */,
				B5C40A97629905DD6BC20072 /* Pods-gym-log.release.xcconfig */,
				0C1C9297088C9FC2BDBC68B6 /* Pods-gym-log-gym-logUITests.debug.xcconfig */,
				53CDC98EED6B8CE4E03039D6 /* Pods-gym-log-gym-logUITests.release.xcconfig */,
				49FFB1F5F2241DBA70E68C09 /* Pods-gym-logTests.debug.xcconfig */,
				3277D26A2B7AE1849262C7A6 /* Pods-gym-logTests.release.xcconfig */,
			);
			path = Pods;
			sourceTree = "<group>";
		};
/* End PBXGroup section */

/* Begin PBXNativeTarget section */
		44C3254723C3A7A70086B96C /* gym-log */ = {
			isa = PBXNativeTarget;
			buildConfigurationList = 44C3257223C3A7A90086B96C /* Build configuration list for PBXNativeTarget "gym-log" */;
			buildPhases = (
				AF13D20484A4A4B6E9DCB616 /* [CP] Check Pods Manifest.lock */,
				44C3254423C3A7A70086B96C /* Sources */,
				44C3254523C3A7A70086B96C /* Frameworks */,
				44C3254623C3A7A70086B96C /* Resources */,
				444F54F923C51A85005E07C2 /* Embed Frameworks */,
				F2182F7062F68F660A96EA58 /* [CP] Embed Pods Frameworks */,
			);
			buildRules = (
			);
			dependencies = (
			);
			name = "gym-log";
			productName = "gym-log";
			productReference = 44C3254823C3A7A70086B96C /* gym-log.app */;
			productType = "com.apple.product-type.application";
		};
		44C3255D23C3A7A90086B96C /* gym-logTests */ = {
			isa = PBXNativeTarget;
			buildConfigurationList = 44C3257523C3A7A90086B96C /* Build configuration list for PBXNativeTarget "gym-logTests" */;
			buildPhases = (
				86628B5DF58349B6FB1D738F /* [CP] Check Pods Manifest.lock */,
				44C3255A23C3A7A90086B96C /* Sources */,
				44C3255B23C3A7A90086B96C /* Frameworks */,
				44C3255C23C3A7A90086B96C /* Resources */,
			);
			buildRules = (
			);
			dependencies = (
				44C3256023C3A7A90086B96C /* PBXTargetDependency */,
			);
			name = "gym-logTests";
			productName = "gym-logTests";
			productReference = 44C3255E23C3A7A90086B96C /* gym-logTests.xctest */;
			productType = "com.apple.product-type.bundle.unit-test";
		};
		44C3256823C3A7A90086B96C /* gym-logUITests */ = {
			isa = PBXNativeTarget;
			buildConfigurationList = 44C3257823C3A7A90086B96C /* Build configuration list for PBXNativeTarget "gym-logUITests" */;
			buildPhases = (
				5E4BC909B86088065B880384 /* [CP] Check Pods Manifest.lock */,
				44C3256523C3A7A90086B96C /* Sources */,
				44C3256623C3A7A90086B96C /* Frameworks */,
				44C3256723C3A7A90086B96C /* Resources */,
				CE6FA8B1AE01110AFA6BA13E /* [CP] Embed Pods Frameworks */,
			);
			buildRules = (
			);
			dependencies = (
				44C3256B23C3A7A90086B96C /* PBXTargetDependency */,
			);
			name = "gym-logUITests";
			productName = "gym-logUITests";
			productReference = 44C3256923C3A7A90086B96C /* gym-logUITests.xctest */;
			productType = "com.apple.product-type.bundle.ui-testing";
		};
/* End PBXNativeTarget section */

/* Begin PBXProject section */
		44C3254023C3A7A70086B96C /* Project object */ = {
			isa = PBXProject;
			attributes = {
				LastSwiftUpdateCheck = 1120;
				LastUpgradeCheck = 1120;
				ORGANIZATIONNAME = "Seagull LLC";
				TargetAttributes = {
					44C3254723C3A7A70086B96C = {
						CreatedOnToolsVersion = 11.2.1;
					};
					44C3255D23C3A7A90086B96C = {
						CreatedOnToolsVersion = 11.2.1;
						TestTargetID = 44C3254723C3A7A70086B96C;
					};
					44C3256823C3A7A90086B96C = {
						CreatedOnToolsVersion = 11.2.1;
						TestTargetID = 44C3254723C3A7A70086B96C;
					};
				};
			};
			buildConfigurationList = 44C3254323C3A7A70086B96C /* Build configuration list for PBXProject "gym-log" */;
			compatibilityVersion = "Xcode 9.3";
			developmentRegion = en;
			hasScannedForEncodings = 0;
			knownRegions = (
				en,
				Base,
			);
			mainGroup = 44C3253F23C3A7A70086B96C;
			productRefGroup = 44C3254923C3A7A70086B96C /* Products */;
			projectDirPath = "";
			projectRoot = "";
			targets = (
				44C3254723C3A7A70086B96C /* gym-log */,
				44C3255D23C3A7A90086B96C /* gym-logTests */,
				44C3256823C3A7A90086B96C /* gym-logUITests */,
			);
		};
/* End PBXProject section */

/* Begin PBXResourcesBuildPhase section */
		44C3254623C3A7A70086B96C /* Resources */ = {
			isa = PBXResourcesBuildPhase;
			buildActionMask = 2147483647;
			files = (
				44C3255823C3A7A80086B96C /* LaunchScreen.storyboard in Resources */,
				442E256423C45F3500525DE9 /* exercises.json in Resources */,
				448A135E23D5FB6C006DA85B /* ExerciseView.xib in Resources */,
				44C3255523C3A7A80086B96C /* Assets.xcassets in Resources */,
				444F550423C7AF18005E07C2 /* EmptyWorkoutView.xib in Resources */,
				4467A03623F1C291005C1758 /* AddExerciseIndividualView.xib in Resources */,
				44C3255323C3A7A70086B96C /* Main.storyboard in Resources */,
			);
			runOnlyForDeploymentPostprocessing = 0;
		};
		44C3255C23C3A7A90086B96C /* Resources */ = {
			isa = PBXResourcesBuildPhase;
			buildActionMask = 2147483647;
			files = (
			);
			runOnlyForDeploymentPostprocessing = 0;
		};
		44C3256723C3A7A90086B96C /* Resources */ = {
			isa = PBXResourcesBuildPhase;
			buildActionMask = 2147483647;
			files = (
			);
			runOnlyForDeploymentPostprocessing = 0;
		};
/* End PBXResourcesBuildPhase section */

/* Begin PBXShellScriptBuildPhase section */
		5E4BC909B86088065B880384 /* [CP] Check Pods Manifest.lock */ = {
			isa = PBXShellScriptBuildPhase;
			buildActionMask = 2147483647;
			files = (
			);
			inputFileListPaths = (
			);
			inputPaths = (
				"${PODS_PODFILE_DIR_PATH}/Podfile.lock",
				"${PODS_ROOT}/Manifest.lock",
			);
			name = "[CP] Check Pods Manifest.lock";
			outputFileListPaths = (
			);
			outputPaths = (
				"$(DERIVED_FILE_DIR)/Pods-gym-log-gym-logUITests-checkManifestLockResult.txt",
			);
			runOnlyForDeploymentPostprocessing = 0;
			shellPath = /bin/sh;
			shellScript = "diff \"${PODS_PODFILE_DIR_PATH}/Podfile.lock\" \"${PODS_ROOT}/Manifest.lock\" > /dev/null\nif [ $? != 0 ] ; then\n    # print error to STDERR\n    echo \"error: The sandbox is not in sync with the Podfile.lock. Run 'pod install' or update your CocoaPods installation.\" >&2\n    exit 1\nfi\n# This output is used by Xcode 'outputs' to avoid re-running this script phase.\necho \"SUCCESS\" > \"${SCRIPT_OUTPUT_FILE_0}\"\n";
			showEnvVarsInLog = 0;
		};
		86628B5DF58349B6FB1D738F /* [CP] Check Pods Manifest.lock */ = {
			isa = PBXShellScriptBuildPhase;
			buildActionMask = 2147483647;
			files = (
			);
			inputFileListPaths = (
			);
			inputPaths = (
				"${PODS_PODFILE_DIR_PATH}/Podfile.lock",
				"${PODS_ROOT}/Manifest.lock",
			);
			name = "[CP] Check Pods Manifest.lock";
			outputFileListPaths = (
			);
			outputPaths = (
				"$(DERIVED_FILE_DIR)/Pods-gym-logTests-checkManifestLockResult.txt",
			);
			runOnlyForDeploymentPostprocessing = 0;
			shellPath = /bin/sh;
			shellScript = "diff \"${PODS_PODFILE_DIR_PATH}/Podfile.lock\" \"${PODS_ROOT}/Manifest.lock\" > /dev/null\nif [ $? != 0 ] ; then\n    # print error to STDERR\n    echo \"error: The sandbox is not in sync with the Podfile.lock. Run 'pod install' or update your CocoaPods installation.\" >&2\n    exit 1\nfi\n# This output is used by Xcode 'outputs' to avoid re-running this script phase.\necho \"SUCCESS\" > \"${SCRIPT_OUTPUT_FILE_0}\"\n";
			showEnvVarsInLog = 0;
		};
		AF13D20484A4A4B6E9DCB616 /* [CP] Check Pods Manifest.lock */ = {
			isa = PBXShellScriptBuildPhase;
			buildActionMask = 2147483647;
			files = (
			);
			inputFileListPaths = (
			);
			inputPaths = (
				"${PODS_PODFILE_DIR_PATH}/Podfile.lock",
				"${PODS_ROOT}/Manifest.lock",
			);
			name = "[CP] Check Pods Manifest.lock";
			outputFileListPaths = (
			);
			outputPaths = (
				"$(DERIVED_FILE_DIR)/Pods-gym-log-checkManifestLockResult.txt",
			);
			runOnlyForDeploymentPostprocessing = 0;
			shellPath = /bin/sh;
			shellScript = "diff \"${PODS_PODFILE_DIR_PATH}/Podfile.lock\" \"${PODS_ROOT}/Manifest.lock\" > /dev/null\nif [ $? != 0 ] ; then\n    # print error to STDERR\n    echo \"error: The sandbox is not in sync with the Podfile.lock. Run 'pod install' or update your CocoaPods installation.\" >&2\n    exit 1\nfi\n# This output is used by Xcode 'outputs' to avoid re-running this script phase.\necho \"SUCCESS\" > \"${SCRIPT_OUTPUT_FILE_0}\"\n";
			showEnvVarsInLog = 0;
		};
		CE6FA8B1AE01110AFA6BA13E /* [CP] Embed Pods Frameworks */ = {
			isa = PBXShellScriptBuildPhase;
			buildActionMask = 2147483647;
			files = (
			);
			inputFileListPaths = (
				"${PODS_ROOT}/Target Support Files/Pods-gym-log-gym-logUITests/Pods-gym-log-gym-logUITests-frameworks-${CONFIGURATION}-input-files.xcfilelist",
			);
			name = "[CP] Embed Pods Frameworks";
			outputFileListPaths = (
				"${PODS_ROOT}/Target Support Files/Pods-gym-log-gym-logUITests/Pods-gym-log-gym-logUITests-frameworks-${CONFIGURATION}-output-files.xcfilelist",
			);
			runOnlyForDeploymentPostprocessing = 0;
			shellPath = /bin/sh;
			shellScript = "\"${PODS_ROOT}/Target Support Files/Pods-gym-log-gym-logUITests/Pods-gym-log-gym-logUITests-frameworks.sh\"\n";
			showEnvVarsInLog = 0;
		};
		F2182F7062F68F660A96EA58 /* [CP] Embed Pods Frameworks */ = {
			isa = PBXShellScriptBuildPhase;
			buildActionMask = 2147483647;
			files = (
			);
			inputFileListPaths = (
				"${PODS_ROOT}/Target Support Files/Pods-gym-log/Pods-gym-log-frameworks-${CONFIGURATION}-input-files.xcfilelist",
			);
			name = "[CP] Embed Pods Frameworks";
			outputFileListPaths = (
				"${PODS_ROOT}/Target Support Files/Pods-gym-log/Pods-gym-log-frameworks-${CONFIGURATION}-output-files.xcfilelist",
			);
			runOnlyForDeploymentPostprocessing = 0;
			shellPath = /bin/sh;
			shellScript = "\"${PODS_ROOT}/Target Support Files/Pods-gym-log/Pods-gym-log-frameworks.sh\"\n";
			showEnvVarsInLog = 0;
		};
/* End PBXShellScriptBuildPhase section */

/* Begin PBXSourcesBuildPhase section */
		44C3254423C3A7A70086B96C /* Sources */ = {
			isa = PBXSourcesBuildPhase;
			buildActionMask = 2147483647;
			files = (
				441C7FBE23CFB1F700736DFB /* GymLogCoreDataClient.swift in Sources */,
				444F550723C7B470005E07C2 /* WorkoutDataSource.swift in Sources */,
				4467A04F23F1FCA4005C1758 /* SuperSetAddMasterViewController.swift in Sources */,
				44C3255023C3A7A70086B96C /* WorkoutDashboardTableViewController.swift in Sources */,
				4467A03223F1A9FF005C1758 /* ExerciseTypeSelectionViewController.swift in Sources */,
				441C7F7723CCD69700736DFB /* ExerciseDescription.swift in Sources */,
				442E256E23C4F13400525DE9 /* WorkoutSM.swift in Sources */,
				442E256A23C4D1DA00525DE9 /* AsyncResult.swift in Sources */,
				4489522523D8C28D00C0EBBE /* PreviousWorkoutsTableViewController.swift in Sources */,
				441C7F7923CCD76500736DFB /* Exercise.swift in Sources */,
				444F54FE23C5A3F1005E07C2 /* WorkoutDashboardTableViewCell.swift in Sources */,
				442E257023C4F20600525DE9 /* ExerciseSM.swift in Sources */,
				441C7FC023CFBA6100736DFB /* GymLogError.swift in Sources */,
				44E6389823D9FE56005BB248 /* WorkoutDetailsTableViewController.swift in Sources */,
				4467A05123F1FE1A005C1758 /* SuperSetAddDetailViewController.swift in Sources */,
				44856CCB23D0DCAB00009A5D /* ReadTodaysWorkoutsCommand.swift in Sources */,
				442E256723C4D0B800525DE9 /* GymLogNetworkClient.swift in Sources */,
				4489522723D8C33400C0EBBE /* ReadPreviousWorkoutsCommand.swift in Sources */,
				44BA8C4623DF40E1005C1314 /* AddWorkoutHeaderViewController.swift in Sources */,
				448A135C23D5FB41006DA85B /* ExerciseView.swift in Sources */,
				4467A03423F1C251005C1758 /* AddExerciseIndividualView.swift in Sources */,
				44C3254C23C3A7A70086B96C /* AppDelegate.swift in Sources */,
				44856CCE23D0E54400009A5D /* CreateObjectDataSourceHelper.swift in Sources */,
				444F550123C7AF00005E07C2 /* EmptyWorkoutView.swift in Sources */,
				4467A03923F1C9F1005C1758 /* AddExerciseViewHelper.swift in Sources */,
				441C7FBA23CF770800736DFB /* AddWorkoutViewController.swift in Sources */,
				44C3254E23C3A7A70086B96C /* SceneDelegate.swift in Sources */,
				448A136023D6414C006DA85B /* UpdateExerciseCommand.swift in Sources */,
				4493CFDA23CAEF1C00D9D578 /* Model.xcdatamodeld in Sources */,
				4467A03D23F1E0F9005C1758 /* PostLiftAddViewController.swift in Sources */,
				441C7FBC23CFA72A00736DFB /* WorkoutManagedObject.swift in Sources */,
				44E6389A23DA0023005BB248 /* WorkoutDetailsTableViewCell.swift in Sources */,
				4467A03023F1A625005C1758 /* AddWarmUpViewController.swift in Sources */,
				44E6389C23DA0F17005BB248 /* WorkoutDetailsDataSource.swift in Sources */,
				4467A03B23F1D009005C1758 /* SingleExerciseAddViewController.swift in Sources */,
				4489522323D8C20C00C0EBBE /* SimpleExerciseTableViewCell.swift in Sources */,
				44E6389623D9FB99005BB248 /* ReadWorkoutDetailsCommand.swift in Sources */,
				442E257323C4FA4300525DE9 /* ReadAllWorkoutsCommand.swift in Sources */,
			);
			runOnlyForDeploymentPostprocessing = 0;
		};
		44C3255A23C3A7A90086B96C /* Sources */ = {
			isa = PBXSourcesBuildPhase;
			buildActionMask = 2147483647;
			files = (
				44C3256323C3A7A90086B96C /* gym_logTests.swift in Sources */,
			);
			runOnlyForDeploymentPostprocessing = 0;
		};
		44C3256523C3A7A90086B96C /* Sources */ = {
			isa = PBXSourcesBuildPhase;
			buildActionMask = 2147483647;
			files = (
				44C3256E23C3A7A90086B96C /* gym_logUITests.swift in Sources */,
			);
			runOnlyForDeploymentPostprocessing = 0;
		};
/* End PBXSourcesBuildPhase section */

/* Begin PBXTargetDependency section */
		44C3256023C3A7A90086B96C /* PBXTargetDependency */ = {
			isa = PBXTargetDependency;
			target = 44C3254723C3A7A70086B96C /* gym-log */;
			targetProxy = 44C3255F23C3A7A90086B96C /* PBXContainerItemProxy */;
		};
		44C3256B23C3A7A90086B96C /* PBXTargetDependency */ = {
			isa = PBXTargetDependency;
			target = 44C3254723C3A7A70086B96C /* gym-log */;
			targetProxy = 44C3256A23C3A7A90086B96C /* PBXContainerItemProxy */;
		};
/* End PBXTargetDependency section */

/* Begin PBXVariantGroup section */
		44C3255123C3A7A70086B96C /* Main.storyboard */ = {
			isa = PBXVariantGroup;
			children = (
				44C3255223C3A7A70086B96C /* Base */,
			);
			name = Main.storyboard;
			sourceTree = "<group>";
		};
		44C3255623C3A7A80086B96C /* LaunchScreen.storyboard */ = {
			isa = PBXVariantGroup;
			children = (
				44C3255723C3A7A80086B96C /* Base */,
			);
			name = LaunchScreen.storyboard;
			sourceTree = "<group>";
		};
/* End PBXVariantGroup section */

/* Begin XCBuildConfiguration section */
		44C3257023C3A7A90086B96C /* Debug */ = {
			isa = XCBuildConfiguration;
			buildSettings = {
				ALWAYS_SEARCH_USER_PATHS = NO;
				CLANG_ANALYZER_NONNULL = YES;
				CLANG_ANALYZER_NUMBER_OBJECT_CONVERSION = YES_AGGRESSIVE;
				CLANG_CXX_LANGUAGE_STANDARD = "gnu++14";
				CLANG_CXX_LIBRARY = "libc++";
				CLANG_ENABLE_MODULES = YES;
				CLANG_ENABLE_OBJC_ARC = YES;
				CLANG_ENABLE_OBJC_WEAK = YES;
				CLANG_WARN_BLOCK_CAPTURE_AUTORELEASING = YES;
				CLANG_WARN_BOOL_CONVERSION = YES;
				CLANG_WARN_COMMA = YES;
				CLANG_WARN_CONSTANT_CONVERSION = YES;
				CLANG_WARN_DEPRECATED_OBJC_IMPLEMENTATIONS = YES;
				CLANG_WARN_DIRECT_OBJC_ISA_USAGE = YES_ERROR;
				CLANG_WARN_DOCUMENTATION_COMMENTS = YES;
				CLANG_WARN_EMPTY_BODY = YES;
				CLANG_WARN_ENUM_CONVERSION = YES;
				CLANG_WARN_INFINITE_RECURSION = YES;
				CLANG_WARN_INT_CONVERSION = YES;
				CLANG_WARN_NON_LITERAL_NULL_CONVERSION = YES;
				CLANG_WARN_OBJC_IMPLICIT_RETAIN_SELF = YES;
				CLANG_WARN_OBJC_LITERAL_CONVERSION = YES;
				CLANG_WARN_OBJC_ROOT_CLASS = YES_ERROR;
				CLANG_WARN_RANGE_LOOP_ANALYSIS = YES;
				CLANG_WARN_STRICT_PROTOTYPES = YES;
				CLANG_WARN_SUSPICIOUS_MOVE = YES;
				CLANG_WARN_UNGUARDED_AVAILABILITY = YES_AGGRESSIVE;
				CLANG_WARN_UNREACHABLE_CODE = YES;
				CLANG_WARN__DUPLICATE_METHOD_MATCH = YES;
				COPY_PHASE_STRIP = NO;
				DEBUG_INFORMATION_FORMAT = dwarf;
				ENABLE_STRICT_OBJC_MSGSEND = YES;
				ENABLE_TESTABILITY = YES;
				GCC_C_LANGUAGE_STANDARD = gnu11;
				GCC_DYNAMIC_NO_PIC = NO;
				GCC_NO_COMMON_BLOCKS = YES;
				GCC_OPTIMIZATION_LEVEL = 0;
				GCC_PREPROCESSOR_DEFINITIONS = (
					"DEBUG=1",
					"$(inherited)",
				);
				GCC_WARN_64_TO_32_BIT_CONVERSION = YES;
				GCC_WARN_ABOUT_RETURN_TYPE = YES_ERROR;
				GCC_WARN_UNDECLARED_SELECTOR = YES;
				GCC_WARN_UNINITIALIZED_AUTOS = YES_AGGRESSIVE;
				GCC_WARN_UNUSED_FUNCTION = YES;
				GCC_WARN_UNUSED_VARIABLE = YES;
				IPHONEOS_DEPLOYMENT_TARGET = 13.2;
				MTL_ENABLE_DEBUG_INFO = INCLUDE_SOURCE;
				MTL_FAST_MATH = YES;
				ONLY_ACTIVE_ARCH = YES;
				SDKROOT = iphoneos;
				SWIFT_ACTIVE_COMPILATION_CONDITIONS = DEBUG;
				SWIFT_OPTIMIZATION_LEVEL = "-Onone";
			};
			name = Debug;
		};
		44C3257123C3A7A90086B96C /* Release */ = {
			isa = XCBuildConfiguration;
			buildSettings = {
				ALWAYS_SEARCH_USER_PATHS = NO;
				CLANG_ANALYZER_NONNULL = YES;
				CLANG_ANALYZER_NUMBER_OBJECT_CONVERSION = YES_AGGRESSIVE;
				CLANG_CXX_LANGUAGE_STANDARD = "gnu++14";
				CLANG_CXX_LIBRARY = "libc++";
				CLANG_ENABLE_MODULES = YES;
				CLANG_ENABLE_OBJC_ARC = YES;
				CLANG_ENABLE_OBJC_WEAK = YES;
				CLANG_WARN_BLOCK_CAPTURE_AUTORELEASING = YES;
				CLANG_WARN_BOOL_CONVERSION = YES;
				CLANG_WARN_COMMA = YES;
				CLANG_WARN_CONSTANT_CONVERSION = YES;
				CLANG_WARN_DEPRECATED_OBJC_IMPLEMENTATIONS = YES;
				CLANG_WARN_DIRECT_OBJC_ISA_USAGE = YES_ERROR;
				CLANG_WARN_DOCUMENTATION_COMMENTS = YES;
				CLANG_WARN_EMPTY_BODY = YES;
				CLANG_WARN_ENUM_CONVERSION = YES;
				CLANG_WARN_INFINITE_RECURSION = YES;
				CLANG_WARN_INT_CONVERSION = YES;
				CLANG_WARN_NON_LITERAL_NULL_CONVERSION = YES;
				CLANG_WARN_OBJC_IMPLICIT_RETAIN_SELF = YES;
				CLANG_WARN_OBJC_LITERAL_CONVERSION = YES;
				CLANG_WARN_OBJC_ROOT_CLASS = YES_ERROR;
				CLANG_WARN_RANGE_LOOP_ANALYSIS = YES;
				CLANG_WARN_STRICT_PROTOTYPES = YES;
				CLANG_WARN_SUSPICIOUS_MOVE = YES;
				CLANG_WARN_UNGUARDED_AVAILABILITY = YES_AGGRESSIVE;
				CLANG_WARN_UNREACHABLE_CODE = YES;
				CLANG_WARN__DUPLICATE_METHOD_MATCH = YES;
				COPY_PHASE_STRIP = NO;
				DEBUG_INFORMATION_FORMAT = "dwarf-with-dsym";
				ENABLE_NS_ASSERTIONS = NO;
				ENABLE_STRICT_OBJC_MSGSEND = YES;
				GCC_C_LANGUAGE_STANDARD = gnu11;
				GCC_NO_COMMON_BLOCKS = YES;
				GCC_WARN_64_TO_32_BIT_CONVERSION = YES;
				GCC_WARN_ABOUT_RETURN_TYPE = YES_ERROR;
				GCC_WARN_UNDECLARED_SELECTOR = YES;
				GCC_WARN_UNINITIALIZED_AUTOS = YES_AGGRESSIVE;
				GCC_WARN_UNUSED_FUNCTION = YES;
				GCC_WARN_UNUSED_VARIABLE = YES;
				IPHONEOS_DEPLOYMENT_TARGET = 13.2;
				MTL_ENABLE_DEBUG_INFO = NO;
				MTL_FAST_MATH = YES;
				SDKROOT = iphoneos;
				SWIFT_COMPILATION_MODE = wholemodule;
				SWIFT_OPTIMIZATION_LEVEL = "-O";
				VALIDATE_PRODUCT = YES;
			};
			name = Release;
		};
		44C3257323C3A7A90086B96C /* Debug */ = {
			isa = XCBuildConfiguration;
			baseConfigurationReference = 0546DA6084B06DF5E14928B2 /* Pods-gym-log.debug.xcconfig */;
			buildSettings = {
				ASSETCATALOG_COMPILER_APPICON_NAME = AppIcon;
				CODE_SIGN_IDENTITY = "Apple Development";
				CODE_SIGN_STYLE = Automatic;
				DEVELOPMENT_TEAM = FG657ZH6EU;
				INFOPLIST_FILE = "gym-log/Info.plist";
				LD_RUNPATH_SEARCH_PATHS = (
					"$(inherited)",
					"@executable_path/Frameworks",
				);
				PRODUCT_BUNDLE_IDENTIFIER = "com.seagull.gym-log";
				PRODUCT_NAME = "$(TARGET_NAME)";
				PROVISIONING_PROFILE_SPECIFIER = "";
				SWIFT_VERSION = 5.0;
				TARGETED_DEVICE_FAMILY = "1,2";
			};
			name = Debug;
		};
		44C3257423C3A7A90086B96C /* Release */ = {
			isa = XCBuildConfiguration;
			baseConfigurationReference = B5C40A97629905DD6BC20072 /* Pods-gym-log.release.xcconfig */;
			buildSettings = {
				ASSETCATALOG_COMPILER_APPICON_NAME = AppIcon;
				CODE_SIGN_IDENTITY = "Apple Development";
				CODE_SIGN_STYLE = Automatic;
				DEVELOPMENT_TEAM = FG657ZH6EU;
				INFOPLIST_FILE = "gym-log/Info.plist";
				LD_RUNPATH_SEARCH_PATHS = (
					"$(inherited)",
					"@executable_path/Frameworks",
				);
				PRODUCT_BUNDLE_IDENTIFIER = "com.seagull.gym-log";
				PRODUCT_NAME = "$(TARGET_NAME)";
				PROVISIONING_PROFILE_SPECIFIER = "";
				SWIFT_VERSION = 5.0;
				TARGETED_DEVICE_FAMILY = "1,2";
			};
			name = Release;
		};
		44C3257623C3A7A90086B96C /* Debug */ = {
			isa = XCBuildConfiguration;
			baseConfigurationReference = 49FFB1F5F2241DBA70E68C09 /* Pods-gym-logTests.debug.xcconfig */;
			buildSettings = {
				ALWAYS_EMBED_SWIFT_STANDARD_LIBRARIES = YES;
				BUNDLE_LOADER = "$(TEST_HOST)";
				CODE_SIGN_STYLE = Automatic;
				DEVELOPMENT_TEAM = FG657ZH6EU;
				INFOPLIST_FILE = "gym-logTests/Info.plist";
				IPHONEOS_DEPLOYMENT_TARGET = 13.2;
				LD_RUNPATH_SEARCH_PATHS = (
					"$(inherited)",
					"@executable_path/Frameworks",
					"@loader_path/Frameworks",
				);
				PRODUCT_BUNDLE_IDENTIFIER = "com.seagull.gym-logTests";
				PRODUCT_NAME = "$(TARGET_NAME)";
				SWIFT_VERSION = 5.0;
				TARGETED_DEVICE_FAMILY = "1,2";
				TEST_HOST = "$(BUILT_PRODUCTS_DIR)/gym-log.app/gym-log";
			};
			name = Debug;
		};
		44C3257723C3A7A90086B96C /* Release */ = {
			isa = XCBuildConfiguration;
			baseConfigurationReference = 3277D26A2B7AE1849262C7A6 /* Pods-gym-logTests.release.xcconfig */;
			buildSettings = {
				ALWAYS_EMBED_SWIFT_STANDARD_LIBRARIES = YES;
				BUNDLE_LOADER = "$(TEST_HOST)";
				CODE_SIGN_STYLE = Automatic;
				DEVELOPMENT_TEAM = FG657ZH6EU;
				INFOPLIST_FILE = "gym-logTests/Info.plist";
				IPHONEOS_DEPLOYMENT_TARGET = 13.2;
				LD_RUNPATH_SEARCH_PATHS = (
					"$(inherited)",
					"@executable_path/Frameworks",
					"@loader_path/Frameworks",
				);
				PRODUCT_BUNDLE_IDENTIFIER = "com.seagull.gym-logTests";
				PRODUCT_NAME = "$(TARGET_NAME)";
				SWIFT_VERSION = 5.0;
				TARGETED_DEVICE_FAMILY = "1,2";
				TEST_HOST = "$(BUILT_PRODUCTS_DIR)/gym-log.app/gym-log";
			};
			name = Release;
		};
		44C3257923C3A7A90086B96C /* Debug */ = {
			isa = XCBuildConfiguration;
			baseConfigurationReference = 0C1C9297088C9FC2BDBC68B6 /* Pods-gym-log-gym-logUITests.debug.xcconfig */;
			buildSettings = {
				ALWAYS_EMBED_SWIFT_STANDARD_LIBRARIES = YES;
				CODE_SIGN_STYLE = Automatic;
				DEVELOPMENT_TEAM = FG657ZH6EU;
				INFOPLIST_FILE = "gym-logUITests/Info.plist";
				LD_RUNPATH_SEARCH_PATHS = (
					"$(inherited)",
					"@executable_path/Frameworks",
					"@loader_path/Frameworks",
				);
				PRODUCT_BUNDLE_IDENTIFIER = "com.seagull.gym-logUITests";
				PRODUCT_NAME = "$(TARGET_NAME)";
				SWIFT_VERSION = 5.0;
				TARGETED_DEVICE_FAMILY = "1,2";
				TEST_TARGET_NAME = "gym-log";
			};
			name = Debug;
		};
		44C3257A23C3A7A90086B96C /* Release */ = {
			isa = XCBuildConfiguration;
			baseConfigurationReference = 53CDC98EED6B8CE4E03039D6 /* Pods-gym-log-gym-logUITests.release.xcconfig */;
			buildSettings = {
				ALWAYS_EMBED_SWIFT_STANDARD_LIBRARIES = YES;
				CODE_SIGN_STYLE = Automatic;
				DEVELOPMENT_TEAM = FG657ZH6EU;
				INFOPLIST_FILE = "gym-logUITests/Info.plist";
				LD_RUNPATH_SEARCH_PATHS = (
					"$(inherited)",
					"@executable_path/Frameworks",
					"@loader_path/Frameworks",
				);
				PRODUCT_BUNDLE_IDENTIFIER = "com.seagull.gym-logUITests";
				PRODUCT_NAME = "$(TARGET_NAME)";
				SWIFT_VERSION = 5.0;
				TARGETED_DEVICE_FAMILY = "1,2";
				TEST_TARGET_NAME = "gym-log";
			};
			name = Release;
		};
/* End XCBuildConfiguration section */

/* Begin XCConfigurationList section */
		44C3254323C3A7A70086B96C /* Build configuration list for PBXProject "gym-log" */ = {
			isa = XCConfigurationList;
			buildConfigurations = (
				44C3257023C3A7A90086B96C /* Debug */,
				44C3257123C3A7A90086B96C /* Release */,
			);
			defaultConfigurationIsVisible = 0;
			defaultConfigurationName = Release;
		};
		44C3257223C3A7A90086B96C /* Build configuration list for PBXNativeTarget "gym-log" */ = {
			isa = XCConfigurationList;
			buildConfigurations = (
				44C3257323C3A7A90086B96C /* Debug */,
				44C3257423C3A7A90086B96C /* Release */,
			);
			defaultConfigurationIsVisible = 0;
			defaultConfigurationName = Release;
		};
		44C3257523C3A7A90086B96C /* Build configuration list for PBXNativeTarget "gym-logTests" */ = {
			isa = XCConfigurationList;
			buildConfigurations = (
				44C3257623C3A7A90086B96C /* Debug */,
				44C3257723C3A7A90086B96C /* Release */,
			);
			defaultConfigurationIsVisible = 0;
			defaultConfigurationName = Release;
		};
		44C3257823C3A7A90086B96C /* Build configuration list for PBXNativeTarget "gym-logUITests" */ = {
			isa = XCConfigurationList;
			buildConfigurations = (
				44C3257923C3A7A90086B96C /* Debug */,
				44C3257A23C3A7A90086B96C /* Release */,
			);
			defaultConfigurationIsVisible = 0;
			defaultConfigurationName = Release;
		};
/* End XCConfigurationList section */

/* Begin XCVersionGroup section */
		4493CFD823CAEF1C00D9D578 /* Model.xcdatamodeld */ = {
			isa = XCVersionGroup;
			children = (
				4493CFD923CAEF1C00D9D578 /* Model.xcdatamodel */,
			);
			currentVersion = 4493CFD923CAEF1C00D9D578 /* Model.xcdatamodel */;
			path = Model.xcdatamodeld;
			sourceTree = "<group>";
			versionGroupType = wrapper.xcdatamodel;
		};
/* End XCVersionGroup section */
	};
	rootObject = 44C3254023C3A7A70086B96C /* Project object */;
}
